<?xml version="1.0" encoding="utf-8"?>
<Project ToolsVersion="4.0" xmlns="http://schemas.microsoft.com/developer/msbuild/2003">
  <ItemGroup>
    <Filter Include="Source Files">
      <UniqueIdentifier>{4FC737F1-C7A5-4376-A066-2A32D752A2FF}</UniqueIdentifier>
      <Extensions>cpp;c;cc;cxx;def;odl;idl;hpj;bat;asm;asmx</Extensions>
    </Filter>
    <Filter Include="Header Files">
      <UniqueIdentifier>{93995380-89BD-4b04-88EB-625FBE52EBFB}</UniqueIdentifier>
      <Extensions>h;hh;hpp;hxx;hm;inl;inc;xsd</Extensions>
    </Filter>
    <Filter Include="Resource Files">
      <UniqueIdentifier>{67DA6AB6-F800-4c08-8B7A-83BB121AAD01}</UniqueIdentifier>
      <Extensions>rc;ico;cur;bmp;dlg;rc2;rct;bin;rgs;gif;jpg;jpeg;jpe;resx;tiff;tif;png;wav;mfcribbon-ms</Extensions>
    </Filter>
    <Filter Include="Header Files\Common">
      <UniqueIdentifier>{97899a70-ea8b-41d8-a4ed-cf71942b299e}</UniqueIdentifier>
    </Filter>
    <Filter Include="Source Files\Threading">
      <UniqueIdentifier>{1640cc9b-ab17-49d6-b63b-a1017800ee6a}</UniqueIdentifier>
    </Filter>
    <Filter Include="Header Files\Threading">
      <UniqueIdentifier>{f4c93b30-d388-432d-a8bd-b83088f845d5}</UniqueIdentifier>
    </Filter>
    <Filter Include="Header Files\Logging">
      <UniqueIdentifier>{e7bc2732-cbed-4df2-9fc7-bfa195343174}</UniqueIdentifier>
    </Filter>
    <Filter Include="Source Files\Logging">
      <UniqueIdentifier>{68d64e5f-f917-4439-af9a-a9a42b6d6282}</UniqueIdentifier>
    </Filter>
  </ItemGroup>
  <ItemGroup>
    <ClInclude Include="source\include\Common\Types.h">
      <Filter>Header Files\Common</Filter>
    </ClInclude>
    <ClInclude Include="source\include\Threading\Thread.h">
      <Filter>Header Files\Threading</Filter>
    </ClInclude>
    <ClInclude Include="source\include\Threading\Threadable.h">
      <Filter>Header Files\Threading</Filter>
    </ClInclude>
    <ClInclude Include="source\include\fw.h">
      <Filter>Header Files</Filter>
    </ClInclude>
    <ClInclude Include="source\include\Threading\Lock.h">
      <Filter>Header Files\Threading</Filter>
    </ClInclude>
    <ClInclude Include="source\include\Threading\LockCriticalSection.h">
      <Filter>Header Files\Threading</Filter>
    </ClInclude>
    <ClInclude Include="source\include\Threading\LockMutex.h">
      <Filter>Header Files\Threading</Filter>
    </ClInclude>
    <ClInclude Include="source\include\Logging\AppenderBase.h">
      <Filter>Header Files\Logging</Filter>
    </ClInclude>
    <ClInclude Include="source\include\Logging\ConsoleAppender.h">
      <Filter>Header Files\Logging</Filter>
    </ClInclude>
    <ClInclude Include="source\include\Logging\FileAppender.h">
      <Filter>Header Files\Logging</Filter>
    </ClInclude>
    <ClInclude Include="source\include\Logging\LogData.h">
      <Filter>Header Files\Logging</Filter>
    </ClInclude>
    <ClInclude Include="source\include\Logging\Logger.h">
      <Filter>Header Files\Logging</Filter>
    </ClInclude>
    <ClInclude Include="source\include\Logging\LogWorker.h">
      <Filter>Header Files\Logging</Filter>
    </ClInclude>
  </ItemGroup>
  <ItemGroup>
    <ClCompile Include="source\src\Threading\Threadable.cpp">
      <Filter>Source Files\Threading</Filter>
    </ClCompile>
    <ClCompile Include="source\src\Threading\Thread.cpp">
      <Filter>Source Files\Threading</Filter>
    </ClCompile>
    <ClCompile Include="source\src\fw.cpp">
      <Filter>Source Files</Filter>
    </ClCompile>
    <ClCompile Include="source\src\Threading\Lock.cpp">
      <Filter>Source Files\Threading</Filter>
    </ClCompile>
    <ClCompile Include="source\src\Threading\LockCriticalSection.cpp">
      <Filter>Source Files\Threading</Filter>
    </ClCompile>
    <ClCompile Include="source\src\Threading\LockMutex.cpp">
      <Filter>Source Files\Threading</Filter>
    </ClCompile>
    <ClCompile Include="source\src\Logging\AppenderBase.cpp">
      <Filter>Source Files\Logging</Filter>
    </ClCompile>
    <ClCompile Include="source\src\Logging\ConsoleAppender.cpp">
      <Filter>Source Files\Logging</Filter>
    </ClCompile>
    <ClCompile Include="source\src\Logging\FileAppender.cpp">
      <Filter>Source Files\Logging</Filter>
    </ClCompile>
    <ClCompile Include="source\src\Logging\LogData.cpp">
      <Filter>Source Files\Logging</Filter>
    </ClCompile>
    <ClCompile Include="source\src\Logging\Logger.cpp">
      <Filter>Source Files\Logging</Filter>
    </ClCompile>
    <ClCompile Include="source\src\Logging\LogWorker.cpp">
      <Filter>Source Files\Logging</Filter>
    </ClCompile>
  </ItemGroup>
</Project>