
Microsoft Visual Studio Solution File, Format Version 12.00
# Visual Studio Version 16
VisualStudioVersion = 16.0.29709.97
MinimumVisualStudioVersion = 10.0.40219.1
Project("{9A19103F-16F7-4668-BE54-9A1E7A4F7556}") = "ForgottenWar", "ForgottenWar.csproj", "{73666E95-AED2-4288-B4C6-48922E62594F}"
EndProject
Global
	GlobalSection(SolutionConfigurationPlatforms) = preSolution
		Debug|Any CPU = Debug|Any CPU
		Release|Any CPU = Release|Any CPU
	EndGlobalSection
	GlobalSection(ProjectConfigurationPlatforms) = postSolution
		{73666E95-AED2-4288-B4C6-48922E62594F}.Debug|Any CPU.ActiveCfg = Debug|Any CPU
		{73666E95-AED2-4288-B4C6-48922E62594F}.Debug|Any CPU.Build.0 = Debug|Any CPU
		{73666E95-AED2-4288-B4C6-48922E62594F}.Release|Any CPU.ActiveCfg = Release|Any CPU
		{73666E95-AED2-4288-B4C6-48922E62594F}.Release|Any CPU.Build.0 = Release|Any CPU
	EndGlobalSection
	GlobalSection(SolutionProperties) = preSolution
		HideSolutionNode = FALSE
	EndGlobalSection
	GlobalSection(ExtensibilityGlobals) = postSolution
		SolutionGuid = {F3DF16DE-9144-48EB-828F-9C8985271BA9}
	EndGlobalSection
EndGlobal
