
Microsoft Visual Studio Solution File, Format Version 12.00
# Visual Studio 14
VisualStudioVersion = 14.0.24720.0
MinimumVisualStudioVersion = 10.0.40219.1
Project("{8BC9CEB8-8B4A-11D0-8D11-00A0C91BC942}") = "Common Core", "CommonCore\CommonCore.vcxproj", "{AB18ECF8-3528-42E2-81F9-BEEF02E7D8AE}"
EndProject
Project("{8BC9CEB8-8B4A-11D0-8D11-00A0C91BC942}") = "ServerCore", "ServerCore\ServerCore.vcxproj", "{87CEEF0D-347A-4011-B6C8-EF7D25994833}"
EndProject
Project("{2150E333-8FDC-42A3-9474-1A3956D46DE8}") = "Solution Items", "Solution Items", "{B6BE972D-9F1F-4456-89EE-B0B604F20C76}"
	ProjectSection(SolutionItems) = preProject
		.gitignore = .gitignore
		README.md = README.md
	EndProjectSection
EndProject
Project("{8BC9CEB8-8B4A-11D0-8D11-00A0C91BC942}") = "GameCore", "GameCore\GameCore.vcxproj", "{DAD581BE-722D-483E-A517-4EEDFC167E5B}"
EndProject
Project("{8BC9CEB8-8B4A-11D0-8D11-00A0C91BC942}") = "ForgottenWar", "ForgottenWar\ForgottenWar.vcxproj", "{D0B1D62F-B059-4A87-935A-048B9A003005}"
EndProject
Global
	GlobalSection(SolutionConfigurationPlatforms) = preSolution
		Debug|ARM = Debug|ARM
		Debug|Win32 = Debug|Win32
		Debug|x64 = Debug|x64
		Release|ARM = Release|ARM
		Release|Win32 = Release|Win32
		Release|x64 = Release|x64
	EndGlobalSection
	GlobalSection(ProjectConfigurationPlatforms) = postSolution
		{AB18ECF8-3528-42E2-81F9-BEEF02E7D8AE}.Debug|ARM.ActiveCfg = Debug|Win32
		{AB18ECF8-3528-42E2-81F9-BEEF02E7D8AE}.Debug|Win32.ActiveCfg = Debug|Win32
		{AB18ECF8-3528-42E2-81F9-BEEF02E7D8AE}.Debug|Win32.Build.0 = Debug|Win32
		{AB18ECF8-3528-42E2-81F9-BEEF02E7D8AE}.Debug|x64.ActiveCfg = Debug|x64
		{AB18ECF8-3528-42E2-81F9-BEEF02E7D8AE}.Debug|x64.Build.0 = Debug|x64
		{AB18ECF8-3528-42E2-81F9-BEEF02E7D8AE}.Release|ARM.ActiveCfg = Release|Win32
		{AB18ECF8-3528-42E2-81F9-BEEF02E7D8AE}.Release|Win32.ActiveCfg = Release|Win32
		{AB18ECF8-3528-42E2-81F9-BEEF02E7D8AE}.Release|Win32.Build.0 = Release|Win32
		{AB18ECF8-3528-42E2-81F9-BEEF02E7D8AE}.Release|x64.ActiveCfg = Release|x64
		{AB18ECF8-3528-42E2-81F9-BEEF02E7D8AE}.Release|x64.Build.0 = Release|x64
		{87CEEF0D-347A-4011-B6C8-EF7D25994833}.Debug|ARM.ActiveCfg = Debug|Win32
		{87CEEF0D-347A-4011-B6C8-EF7D25994833}.Debug|Win32.ActiveCfg = Debug|Win32
		{87CEEF0D-347A-4011-B6C8-EF7D25994833}.Debug|Win32.Build.0 = Debug|Win32
		{87CEEF0D-347A-4011-B6C8-EF7D25994833}.Debug|x64.ActiveCfg = Debug|x64
		{87CEEF0D-347A-4011-B6C8-EF7D25994833}.Debug|x64.Build.0 = Debug|x64
		{87CEEF0D-347A-4011-B6C8-EF7D25994833}.Release|ARM.ActiveCfg = Release|Win32
		{87CEEF0D-347A-4011-B6C8-EF7D25994833}.Release|Win32.ActiveCfg = Release|Win32
		{87CEEF0D-347A-4011-B6C8-EF7D25994833}.Release|Win32.Build.0 = Release|Win32
		{87CEEF0D-347A-4011-B6C8-EF7D25994833}.Release|x64.ActiveCfg = Release|x64
		{87CEEF0D-347A-4011-B6C8-EF7D25994833}.Release|x64.Build.0 = Release|x64
		{DAD581BE-722D-483E-A517-4EEDFC167E5B}.Debug|ARM.ActiveCfg = Debug|Win32
		{DAD581BE-722D-483E-A517-4EEDFC167E5B}.Debug|Win32.ActiveCfg = Debug|Win32
		{DAD581BE-722D-483E-A517-4EEDFC167E5B}.Debug|Win32.Build.0 = Debug|Win32
		{DAD581BE-722D-483E-A517-4EEDFC167E5B}.Debug|x64.ActiveCfg = Debug|x64
		{DAD581BE-722D-483E-A517-4EEDFC167E5B}.Debug|x64.Build.0 = Debug|x64
		{DAD581BE-722D-483E-A517-4EEDFC167E5B}.Release|ARM.ActiveCfg = Release|Win32
		{DAD581BE-722D-483E-A517-4EEDFC167E5B}.Release|Win32.ActiveCfg = Release|Win32
		{DAD581BE-722D-483E-A517-4EEDFC167E5B}.Release|Win32.Build.0 = Release|Win32
		{DAD581BE-722D-483E-A517-4EEDFC167E5B}.Release|x64.ActiveCfg = Release|x64
		{DAD581BE-722D-483E-A517-4EEDFC167E5B}.Release|x64.Build.0 = Release|x64
		{D0B1D62F-B059-4A87-935A-048B9A003005}.Debug|ARM.ActiveCfg = Debug|Win32
		{D0B1D62F-B059-4A87-935A-048B9A003005}.Debug|Win32.ActiveCfg = Debug|Win32
		{D0B1D62F-B059-4A87-935A-048B9A003005}.Debug|Win32.Build.0 = Debug|Win32
		{D0B1D62F-B059-4A87-935A-048B9A003005}.Debug|x64.ActiveCfg = Debug|x64
		{D0B1D62F-B059-4A87-935A-048B9A003005}.Debug|x64.Build.0 = Debug|x64
		{D0B1D62F-B059-4A87-935A-048B9A003005}.Release|ARM.ActiveCfg = Release|Win32
		{D0B1D62F-B059-4A87-935A-048B9A003005}.Release|Win32.ActiveCfg = Release|Win32
		{D0B1D62F-B059-4A87-935A-048B9A003005}.Release|Win32.Build.0 = Release|Win32
		{D0B1D62F-B059-4A87-935A-048B9A003005}.Release|x64.ActiveCfg = Release|x64
		{D0B1D62F-B059-4A87-935A-048B9A003005}.Release|x64.Build.0 = Release|x64
	EndGlobalSection
	GlobalSection(SolutionProperties) = preSolution
		HideSolutionNode = FALSE
	EndGlobalSection
EndGlobal
