<?xml version="1.0" encoding="utf-8"?>
<Project ToolsVersion="4.0" xmlns="http://schemas.microsoft.com/developer/msbuild/2003">
  <ItemGroup>
    <Filter Include="Source Files">
      <UniqueIdentifier>{4FC737F1-C7A5-4376-A066-2A32D752A2FF}</UniqueIdentifier>
      <Extensions>cpp;c;cc;cxx;def;odl;idl;hpj;bat;asm;asmx</Extensions>
    </Filter>
    <Filter Include="Header Files">
      <UniqueIdentifier>{93995380-89BD-4b04-88EB-625FBE52EBFB}</UniqueIdentifier>
      <Extensions>h;hh;hpp;hxx;hm;inl;inc;xsd</Extensions>
    </Filter>
    <Filter Include="Resource Files">
      <UniqueIdentifier>{67DA6AB6-F800-4c08-8B7A-83BB121AAD01}</UniqueIdentifier>
      <Extensions>rc;ico;cur;bmp;dlg;rc2;rct;bin;rgs;gif;jpg;jpeg;jpe;resx;tiff;tif;png;wav;mfcribbon-ms</Extensions>
    </Filter>
    <Filter Include="Header Files\Dispatches">
      <UniqueIdentifier>{dbb6bca2-0505-4509-9443-9b1b512ccce9}</UniqueIdentifier>
    </Filter>
    <Filter Include="Header Files\Nodes">
      <UniqueIdentifier>{0dcacfed-c8c1-413d-a912-939bffefc142}</UniqueIdentifier>
    </Filter>
    <Filter Include="Header Files\Helpers">
      <UniqueIdentifier>{330764b1-56e1-4eaf-871a-5fd8b15ca440}</UniqueIdentifier>
    </Filter>
    <Filter Include="Source Files\Dispatches">
      <UniqueIdentifier>{f7135546-a601-44a2-af9f-37a2f073e827}</UniqueIdentifier>
    </Filter>
    <Filter Include="Source Files\Nodes">
      <UniqueIdentifier>{a4bed74d-7f3a-4137-a391-9f94285c6bc5}</UniqueIdentifier>
    </Filter>
    <Filter Include="Source Files\Helpers">
      <UniqueIdentifier>{30be6c18-79d0-4e60-ad16-386c2e7caeb9}</UniqueIdentifier>
    </Filter>
    <Filter Include="Header Files\Nodes\Comms">
      <UniqueIdentifier>{9282f8b7-e4ca-4364-8c06-ecf1e021508e}</UniqueIdentifier>
    </Filter>
    <Filter Include="Source Files\Nodes\Comms">
      <UniqueIdentifier>{e9ac3c0c-69d7-422b-830f-9d75f6706afc}</UniqueIdentifier>
    </Filter>
    <Filter Include="Header Files\Nodes\Info">
      <UniqueIdentifier>{36b859a9-98d4-43e8-8bfe-66d41e6a345f}</UniqueIdentifier>
    </Filter>
    <Filter Include="Source Files\Nodes\Info">
      <UniqueIdentifier>{0ac85d03-c54f-44d3-a057-8076152b8b83}</UniqueIdentifier>
    </Filter>
    <Filter Include="Header Files\Nodes\Actions">
      <UniqueIdentifier>{59858d0c-b332-4a81-8e02-fbfa424c3693}</UniqueIdentifier>
    </Filter>
    <Filter Include="Source Files\Nodes\Actions">
      <UniqueIdentifier>{0d964885-4b8d-487a-83b9-194b542a815c}</UniqueIdentifier>
    </Filter>
    <Filter Include="Source Files\Nodes\Admin">
      <UniqueIdentifier>{699f6bc9-6af9-4338-a78a-c0779ecd05dd}</UniqueIdentifier>
    </Filter>
    <Filter Include="Header Files\Nodes\Admin">
      <UniqueIdentifier>{93fb4a7f-7652-4771-8a02-93b6437eb41e}</UniqueIdentifier>
    </Filter>
    <Filter Include="Header Files\Nodes\Emotes">
      <UniqueIdentifier>{f9b5101e-49a0-4661-8708-aeffac764cef}</UniqueIdentifier>
    </Filter>
    <Filter Include="Source Files\Nodes\Emotes">
      <UniqueIdentifier>{2d7c4abc-9a78-4e39-acaa-3aa69b7e1eff}</UniqueIdentifier>
    </Filter>
  </ItemGroup>
  <ItemGroup>
    <ClInclude Include="inc\GameCore.h">
      <Filter>Header Files</Filter>
    </ClInclude>
    <ClInclude Include="inc\Player.h">
      <Filter>Header Files</Filter>
    </ClInclude>
    <ClInclude Include="inc\Nodes\CommandNode.h">
      <Filter>Header Files\Nodes</Filter>
    </ClInclude>
    <ClInclude Include="inc\Nodes\Comms\CommOoc.h">
      <Filter>Header Files\Nodes\Comms</Filter>
    </ClInclude>
    <ClInclude Include="inc\Nodes\Info\InfoWho.h">
      <Filter>Header Files\Nodes\Info</Filter>
    </ClInclude>
    <ClInclude Include="inc\World.h">
      <Filter>Header Files</Filter>
    </ClInclude>
    <ClInclude Include="inc\Nodes\Commands.h">
      <Filter>Header Files\Nodes</Filter>
    </ClInclude>
    <ClInclude Include="inc\Nodes\Actions\ActionQuit.h">
      <Filter>Header Files\Nodes\Actions</Filter>
    </ClInclude>
    <ClInclude Include="inc\Nodes\Admin\AdminHotboot.h">
      <Filter>Header Files\Nodes\Admin</Filter>
    </ClInclude>
    <ClInclude Include="inc\Nodes\Admin\AdminShutdown.h">
      <Filter>Header Files\Nodes\Admin</Filter>
    </ClInclude>
    <ClInclude Include="inc\Room.h">
      <Filter>Header Files</Filter>
    </ClInclude>
    <ClInclude Include="inc\Nodes\Actions\ActionSave.h">
      <Filter>Header Files\Nodes\Actions</Filter>
    </ClInclude>
    <ClInclude Include="inc\Nodes\Actions\ActionLook.h">
      <Filter>Header Files\Nodes\Actions</Filter>
    </ClInclude>
    <ClInclude Include="inc\Nodes\Emotes\EmoteEmote.h">
      <Filter>Header Files\Nodes\Emotes</Filter>
    </ClInclude>
    <ClInclude Include="inc\Nodes\Actions\ActionMove.h">
      <Filter>Header Files\Nodes\Actions</Filter>
    </ClInclude>
    <ClInclude Include="inc\Nodes\Comms\CommSay.h">
      <Filter>Header Files\Nodes\Comms</Filter>
    </ClInclude>
    <ClInclude Include="inc\Nodes\Comms\CommYell.h">
      <Filter>Header Files\Nodes\Comms</Filter>
    </ClInclude>
  </ItemGroup>
  <ItemGroup>
    <ClCompile Include="src\GameCore.cpp">
      <Filter>Source Files</Filter>
    </ClCompile>
    <ClCompile Include="src\Player.cpp">
      <Filter>Source Files</Filter>
    </ClCompile>
    <ClCompile Include="src\Nodes\Comms\CommOoc.cpp">
      <Filter>Source Files\Nodes\Comms</Filter>
    </ClCompile>
    <ClCompile Include="src\Nodes\Info\InfoWho.cpp">
      <Filter>Source Files\Nodes\Info</Filter>
    </ClCompile>
    <ClCompile Include="src\Nodes\Actions\ActionQuit.cpp">
      <Filter>Source Files\Nodes\Actions</Filter>
    </ClCompile>
    <ClCompile Include="src\Nodes\Admin\AdminHotboot.cpp">
      <Filter>Source Files\Nodes\Admin</Filter>
    </ClCompile>
    <ClCompile Include="src\Nodes\Admin\AdminShutdown.cpp">
      <Filter>Source Files\Nodes\Admin</Filter>
    </ClCompile>
    <ClCompile Include="src\Room.cpp">
      <Filter>Source Files</Filter>
    </ClCompile>
    <ClCompile Include="src\Nodes\Actions\ActionLook.cpp">
      <Filter>Source Files\Nodes\Actions</Filter>
    </ClCompile>
    <ClCompile Include="src\Nodes\Actions\ActionMove.cpp">
      <Filter>Source Files\Nodes\Actions</Filter>
    </ClCompile>
    <ClCompile Include="src\Nodes\Actions\ActionSave.cpp">
      <Filter>Source Files\Nodes\Actions</Filter>
    </ClCompile>
    <ClCompile Include="src\Nodes\Comms\CommSay.cpp">
      <Filter>Source Files\Nodes\Comms</Filter>
    </ClCompile>
    <ClCompile Include="src\Nodes\Comms\EmoteEmote.cpp">
      <Filter>Source Files\Nodes\Emotes</Filter>
    </ClCompile>
    <ClCompile Include="src\Nodes\Comms\CommYell.cpp">
      <Filter>Source Files\Nodes\Comms</Filter>
    </ClCompile>
  </ItemGroup>
</Project>