<?xml version="1.0" encoding="utf-8"?>
<Project ToolsVersion="4.0" xmlns="http://schemas.microsoft.com/developer/msbuild/2003">
  <ItemGroup>
    <Filter Include="Source Files">
      <UniqueIdentifier>{4FC737F1-C7A5-4376-A066-2A32D752A2FF}</UniqueIdentifier>
      <Extensions>cpp;c;cc;cxx;def;odl;idl;hpj;bat;asm;asmx</Extensions>
    </Filter>
    <Filter Include="Header Files">
      <UniqueIdentifier>{93995380-89BD-4b04-88EB-625FBE52EBFB}</UniqueIdentifier>
      <Extensions>h;hh;hpp;hxx;hm;inl;inc;xsd</Extensions>
    </Filter>
    <Filter Include="Resource Files">
      <UniqueIdentifier>{67DA6AB6-F800-4c08-8B7A-83BB121AAD01}</UniqueIdentifier>
      <Extensions>rc;ico;cur;bmp;dlg;rc2;rct;bin;rgs;gif;jpg;jpeg;jpe;resx;tiff;tif;png;wav;mfcribbon-ms</Extensions>
    </Filter>
    <Filter Include="Header Files\Common">
      <UniqueIdentifier>{485129f6-230d-44b5-8c5a-ac01d469c578}</UniqueIdentifier>
    </Filter>
    <Filter Include="Header Files\Logging">
      <UniqueIdentifier>{22fac171-4984-4174-8221-5987cea43bbb}</UniqueIdentifier>
    </Filter>
    <Filter Include="Header Files\Threading">
      <UniqueIdentifier>{c8cadc19-3117-4c53-82e8-36df512869c9}</UniqueIdentifier>
    </Filter>
    <Filter Include="Source Files\Logging">
      <UniqueIdentifier>{06ab3078-c2ac-478b-bd8e-7995882faa47}</UniqueIdentifier>
    </Filter>
    <Filter Include="Source Files\Threading">
      <UniqueIdentifier>{63ce0e16-840b-4c36-93e0-3c6296e93d9d}</UniqueIdentifier>
    </Filter>
    <Filter Include="Header Files\Libraries">
      <UniqueIdentifier>{f4e28093-9eae-4188-b905-c6bd62255932}</UniqueIdentifier>
    </Filter>
    <Filter Include="Source Files\N2f">
      <UniqueIdentifier>{4f07b78b-61df-4289-953d-daf8f9d3832e}</UniqueIdentifier>
    </Filter>
    <Filter Include="Source Files\N2f\BaseClasses">
      <UniqueIdentifier>{0f84978c-0941-404e-927f-50742d3533c2}</UniqueIdentifier>
    </Filter>
    <Filter Include="Source Files\N2f\Helpers">
      <UniqueIdentifier>{5e238bf8-02cb-416a-9fd4-3691fd439a2a}</UniqueIdentifier>
    </Filter>
    <Filter Include="Source Files\Libraries">
      <UniqueIdentifier>{ca617610-3b86-4dd8-8d19-7de8da0ddd66}</UniqueIdentifier>
    </Filter>
  </ItemGroup>
  <ItemGroup>
    <ClInclude Include="inc\Common\Types.h">
      <Filter>Header Files\Common</Filter>
    </ClInclude>
    <ClInclude Include="inc\Logging\AppenderBase.h">
      <Filter>Header Files\Logging</Filter>
    </ClInclude>
    <ClInclude Include="inc\Logging\ConsoleAppender.h">
      <Filter>Header Files\Logging</Filter>
    </ClInclude>
    <ClInclude Include="inc\Logging\FileAppender.h">
      <Filter>Header Files\Logging</Filter>
    </ClInclude>
    <ClInclude Include="inc\Logging\LogData.h">
      <Filter>Header Files\Logging</Filter>
    </ClInclude>
    <ClInclude Include="inc\Logging\Logger.h">
      <Filter>Header Files\Logging</Filter>
    </ClInclude>
    <ClInclude Include="inc\Logging\LogWorker.h">
      <Filter>Header Files\Logging</Filter>
    </ClInclude>
    <ClInclude Include="inc\Threading\Lock.h">
      <Filter>Header Files\Threading</Filter>
    </ClInclude>
    <ClInclude Include="inc\Threading\LockCriticalSection.h">
      <Filter>Header Files\Threading</Filter>
    </ClInclude>
    <ClInclude Include="inc\Threading\LockMutex.h">
      <Filter>Header Files\Threading</Filter>
    </ClInclude>
    <ClInclude Include="inc\Threading\Thread.h">
      <Filter>Header Files\Threading</Filter>
    </ClInclude>
    <ClInclude Include="inc\Threading\Threadable.h">
      <Filter>Header Files\Threading</Filter>
    </ClInclude>
    <ClInclude Include="inc\CommonCore.h">
      <Filter>Header Files</Filter>
    </ClInclude>
    <ClInclude Include="inc\Libraries\Library.h">
      <Filter>Header Files\Libraries</Filter>
    </ClInclude>
    <ClInclude Include="inc\Libraries\Librarian.h">
      <Filter>Header Files\Libraries</Filter>
    </ClInclude>
    <ClInclude Include="inc\ServerMessage.h">
      <Filter>Header Files</Filter>
    </ClInclude>
    <ClInclude Include="inc\jsmn.h">
      <Filter>Header Files</Filter>
    </ClInclude>
    <ClInclude Include="inc\GameConfig.h">
      <Filter>Header Files</Filter>
    </ClInclude>
  </ItemGroup>
  <ItemGroup>
    <ClCompile Include="src\Logging\AppenderBase.cpp">
      <Filter>Source Files\Logging</Filter>
    </ClCompile>
    <ClCompile Include="src\Logging\ConsoleAppender.cpp">
      <Filter>Source Files\Logging</Filter>
    </ClCompile>
    <ClCompile Include="src\Logging\FileAppender.cpp">
      <Filter>Source Files\Logging</Filter>
    </ClCompile>
    <ClCompile Include="src\Logging\LogData.cpp">
      <Filter>Source Files\Logging</Filter>
    </ClCompile>
    <ClCompile Include="src\Logging\Logger.cpp">
      <Filter>Source Files\Logging</Filter>
    </ClCompile>
    <ClCompile Include="src\Logging\LogWorker.cpp">
      <Filter>Source Files\Logging</Filter>
    </ClCompile>
    <ClCompile Include="src\Threading\Lock.cpp">
      <Filter>Source Files\Threading</Filter>
    </ClCompile>
    <ClCompile Include="src\Threading\LockCriticalSection.cpp">
      <Filter>Source Files\Threading</Filter>
    </ClCompile>
    <ClCompile Include="src\Threading\LockMutex.cpp">
      <Filter>Source Files\Threading</Filter>
    </ClCompile>
    <ClCompile Include="src\Threading\Thread.cpp">
      <Filter>Source Files\Threading</Filter>
    </ClCompile>
    <ClCompile Include="src\Threading\Threadable.cpp">
      <Filter>Source Files\Threading</Filter>
    </ClCompile>
    <ClCompile Include="src\ServerMessage.cpp">
      <Filter>Source Files</Filter>
    </ClCompile>
    <ClCompile Include="src\Libraries\Library.cpp">
      <Filter>Source Files\Libraries</Filter>
    </ClCompile>
    <ClCompile Include="src\jsmn.c">
      <Filter>Source Files</Filter>
    </ClCompile>
    <ClCompile Include="src\GameConfig.cpp">
      <Filter>Source Files</Filter>
    </ClCompile>
  </ItemGroup>
</Project>